
Microsoft Visual Studio Solution File, Format Version 12.00
# Visual Studio Version 17
VisualStudioVersion = 17.5.33516.290
MinimumVisualStudioVersion = 10.0.40219.1
Project("{FAE04EC0-301F-11D3-BF4B-00C04F79EFBC}") = "Lab2Ex10", "Lab2Ex10\Lab2Ex10.csproj", "{6BE56C3D-5D82-4BA1-AB11-87C8ED0E4E1C}"
EndProject
Global
	GlobalSection(SolutionConfigurationPlatforms) = preSolution
		Debug|Any CPU = Debug|Any CPU
		Release|Any CPU = Release|Any CPU
	EndGlobalSection
	GlobalSection(ProjectConfigurationPlatforms) = postSolution
		{6BE56C3D-5D82-4BA1-AB11-87C8ED0E4E1C}.Debug|Any CPU.ActiveCfg = Debug|Any CPU
		{6BE56C3D-5D82-4BA1-AB11-87C8ED0E4E1C}.Debug|Any CPU.Build.0 = Debug|Any CPU
		{6BE56C3D-5D82-4BA1-AB11-87C8ED0E4E1C}.Release|Any CPU.ActiveCfg = Release|Any CPU
		{6BE56C3D-5D82-4BA1-AB11-87C8ED0E4E1C}.Release|Any CPU.Build.0 = Release|Any CPU
	EndGlobalSection
	GlobalSection(SolutionProperties) = preSolution
		HideSolutionNode = FALSE
	EndGlobalSection
	GlobalSection(ExtensibilityGlobals) = postSolution
		SolutionGuid = {F8624DB7-6568-4046-82D2-A858C1FA5A85}
	EndGlobalSection
EndGlobal
